
Microsoft Visual Studio Solution File, Format Version 12.00
# Visual Studio 2013
VisualStudioVersion = 12.0.30501.0
MinimumVisualStudioVersion = 10.0.40219.1
Project("{2150E333-8FDC-42A3-9474-1A3956D46DE8}") = "1-Presentation.MVC", "1-Presentation.MVC", "{4FA676C4-A6E7-48A5-86F7-6135C42813BB}"
EndProject
Project("{2150E333-8FDC-42A3-9474-1A3956D46DE8}") = "3-DesignPattern", "3-DesignPattern", "{A4077014-30B8-4D10-B128-0596F555F79E}"
EndProject
Project("{2150E333-8FDC-42A3-9474-1A3956D46DE8}") = "2-Presentation.WebForm", "2-Presentation.WebForm", "{1563A6FB-5DC6-4167-916B-A460DEC043FE}"
EndProject
Project("{FAE04EC0-301F-11D3-BF4B-00C04F79EFBC}") = "AspNetTest", "AspNetTest\AspNetTest.csproj", "{9634F02C-5EDD-481B-A51D-0FC972BC7E41}"
EndProject
Project("{FAE04EC0-301F-11D3-BF4B-00C04F79EFBC}") = "TrieTreeConsole.Test", "TrieTreeConsole.Test\TrieTreeConsole.Test.csproj", "{0ED726AF-177D-4766-AC7C-26741E88BE4B}"
EndProject
Project("{FAE04EC0-301F-11D3-BF4B-00C04F79EFBC}") = "DBUtility", "DBUtility\DBUtility.csproj", "{D9CB7A14-CB74-47AD-A0C9-60E8965E942D}"
EndProject
Project("{FAE04EC0-301F-11D3-BF4B-00C04F79EFBC}") = "CSharpLearning.Console.Test", "Project.Console.Test\CSharpLearning.Console.Test.csproj", "{6F026B68-87D3-4117-AC2B-3C07D90F4C9D}"
EndProject
Project("{FAE04EC0-301F-11D3-BF4B-00C04F79EFBC}") = "ANT.Model", "ANT.Model\ANT.Model.csproj", "{48923788-21FD-445F-B102-0763CC9E4305}"
EndProject
Project("{FAE04EC0-301F-11D3-BF4B-00C04F79EFBC}") = "AspNetTest.Common", "AspNetTest.Common\AspNetTest.Common.csproj", "{A180AAD8-4865-40A3-87AD-A823E8B796E7}"
EndProject
Project("{FAE04EC0-301F-11D3-BF4B-00C04F79EFBC}") = "AspNetTest.MVC", "AspNetTest.MVC\AspNetTest.MVC.csproj", "{1F14B01E-7AAB-4BE3-A1DE-7F3C22C38EC4}"
EndProject
Project("{FAE04EC0-301F-11D3-BF4B-00C04F79EFBC}") = "AspNetTest.MVC.Tests", "AspNetTest.MVC.Tests\AspNetTest.MVC.Tests.csproj", "{A5E890D6-BF20-4E74-A956-50473D3137A7}"
EndProject
Project("{FAE04EC0-301F-11D3-BF4B-00C04F79EFBC}") = "FactoryMethod.Console", "FactoryMethod.Console\FactoryMethod.Console.csproj", "{D3C270DD-AAB9-4DD5-83C8-6C3A8723C044}"
EndProject
Project("{FAE04EC0-301F-11D3-BF4B-00C04F79EFBC}") = "TestProjects.MVC", "TestProjects.MVC\TestProjects.MVC.csproj", "{278F51D8-7EA3-4163-8D48-C3979738CCB3}"
EndProject
Project("{FAE04EC0-301F-11D3-BF4B-00C04F79EFBC}") = "ConsoleApplication.Test", "ConsoleApplicatin.Test\ConsoleApplication.Test.csproj", "{C7BA6C1C-0CAF-4B75-A455-31EFDB3A1A14}"
EndProject
Project("{FAE04EC0-301F-11D3-BF4B-00C04F79EFBC}") = "TemplateMethod.Console", "TemplateMethod.Console\TemplateMethod.Console.csproj", "{644C3AC3-5F52-4023-A3AF-E1CB6CA98570}"
EndProject
Project("{FAE04EC0-301F-11D3-BF4B-00C04F79EFBC}") = "RedisSamples.Test", "RedisSamples.Test\RedisSamples.Test.csproj", "{F37E7F8E-A858-4CD0-B82B-62027E5F2B39}"
EndProject
Project("{2150E333-8FDC-42A3-9474-1A3956D46DE8}") = "4.UnitTests", "4.UnitTests", "{767A4438-D90C-44A1-A298-E616D2CA64A6}"
EndProject
Project("{FAE04EC0-301F-11D3-BF4B-00C04F79EFBC}") = "Samples.UnitTest", "Samples.UnitTest\Samples.UnitTest.csproj", "{26848F7D-BEBB-400D-B117-6437FB2CBBBA}"
EndProject
Global
	GlobalSection(SolutionConfigurationPlatforms) = preSolution
		Debug|Any CPU = Debug|Any CPU
		Debug|Mixed Platforms = Debug|Mixed Platforms
		Debug|x86 = Debug|x86
		Release|Any CPU = Release|Any CPU
		Release|Mixed Platforms = Release|Mixed Platforms
		Release|x86 = Release|x86
	EndGlobalSection
	GlobalSection(ProjectConfigurationPlatforms) = postSolution
		{9634F02C-5EDD-481B-A51D-0FC972BC7E41}.Debug|Any CPU.ActiveCfg = Debug|Any CPU
		{9634F02C-5EDD-481B-A51D-0FC972BC7E41}.Debug|Any CPU.Build.0 = Debug|Any CPU
		{9634F02C-5EDD-481B-A51D-0FC972BC7E41}.Debug|Mixed Platforms.ActiveCfg = Debug|Any CPU
		{9634F02C-5EDD-481B-A51D-0FC972BC7E41}.Debug|Mixed Platforms.Build.0 = Debug|Any CPU
		{9634F02C-5EDD-481B-A51D-0FC972BC7E41}.Debug|x86.ActiveCfg = Debug|Any CPU
		{9634F02C-5EDD-481B-A51D-0FC972BC7E41}.Release|Any CPU.ActiveCfg = Release|Any CPU
		{9634F02C-5EDD-481B-A51D-0FC972BC7E41}.Release|Any CPU.Build.0 = Release|Any CPU
		{9634F02C-5EDD-481B-A51D-0FC972BC7E41}.Release|Mixed Platforms.ActiveCfg = Release|Any CPU
		{9634F02C-5EDD-481B-A51D-0FC972BC7E41}.Release|Mixed Platforms.Build.0 = Release|Any CPU
		{9634F02C-5EDD-481B-A51D-0FC972BC7E41}.Release|x86.ActiveCfg = Release|Any CPU
		{0ED726AF-177D-4766-AC7C-26741E88BE4B}.Debug|Any CPU.ActiveCfg = Debug|x86
		{0ED726AF-177D-4766-AC7C-26741E88BE4B}.Debug|Mixed Platforms.ActiveCfg = Debug|x86
		{0ED726AF-177D-4766-AC7C-26741E88BE4B}.Debug|Mixed Platforms.Build.0 = Debug|x86
		{0ED726AF-177D-4766-AC7C-26741E88BE4B}.Debug|x86.ActiveCfg = Debug|x86
		{0ED726AF-177D-4766-AC7C-26741E88BE4B}.Debug|x86.Build.0 = Debug|x86
		{0ED726AF-177D-4766-AC7C-26741E88BE4B}.Release|Any CPU.ActiveCfg = Release|x86
		{0ED726AF-177D-4766-AC7C-26741E88BE4B}.Release|Mixed Platforms.ActiveCfg = Release|x86
		{0ED726AF-177D-4766-AC7C-26741E88BE4B}.Release|Mixed Platforms.Build.0 = Release|x86
		{0ED726AF-177D-4766-AC7C-26741E88BE4B}.Release|x86.ActiveCfg = Release|x86
		{0ED726AF-177D-4766-AC7C-26741E88BE4B}.Release|x86.Build.0 = Release|x86
		{D9CB7A14-CB74-47AD-A0C9-60E8965E942D}.Debug|Any CPU.ActiveCfg = Debug|Any CPU
		{D9CB7A14-CB74-47AD-A0C9-60E8965E942D}.Debug|Any CPU.Build.0 = Debug|Any CPU
		{D9CB7A14-CB74-47AD-A0C9-60E8965E942D}.Debug|Mixed Platforms.ActiveCfg = Debug|Any CPU
		{D9CB7A14-CB74-47AD-A0C9-60E8965E942D}.Debug|Mixed Platforms.Build.0 = Debug|Any CPU
		{D9CB7A14-CB74-47AD-A0C9-60E8965E942D}.Debug|x86.ActiveCfg = Debug|Any CPU
		{D9CB7A14-CB74-47AD-A0C9-60E8965E942D}.Release|Any CPU.ActiveCfg = Release|Any CPU
		{D9CB7A14-CB74-47AD-A0C9-60E8965E942D}.Release|Any CPU.Build.0 = Release|Any CPU
		{D9CB7A14-CB74-47AD-A0C9-60E8965E942D}.Release|Mixed Platforms.ActiveCfg = Release|Any CPU
		{D9CB7A14-CB74-47AD-A0C9-60E8965E942D}.Release|Mixed Platforms.Build.0 = Release|Any CPU
		{D9CB7A14-CB74-47AD-A0C9-60E8965E942D}.Release|x86.ActiveCfg = Release|Any CPU
		{6F026B68-87D3-4117-AC2B-3C07D90F4C9D}.Debug|Any CPU.ActiveCfg = Debug|x86
		{6F026B68-87D3-4117-AC2B-3C07D90F4C9D}.Debug|Mixed Platforms.ActiveCfg = Debug|x86
		{6F026B68-87D3-4117-AC2B-3C07D90F4C9D}.Debug|Mixed Platforms.Build.0 = Debug|x86
		{6F026B68-87D3-4117-AC2B-3C07D90F4C9D}.Debug|x86.ActiveCfg = Debug|x86
		{6F026B68-87D3-4117-AC2B-3C07D90F4C9D}.Debug|x86.Build.0 = Debug|x86
		{6F026B68-87D3-4117-AC2B-3C07D90F4C9D}.Release|Any CPU.ActiveCfg = Release|x86
		{6F026B68-87D3-4117-AC2B-3C07D90F4C9D}.Release|Mixed Platforms.ActiveCfg = Release|x86
		{6F026B68-87D3-4117-AC2B-3C07D90F4C9D}.Release|Mixed Platforms.Build.0 = Release|x86
		{6F026B68-87D3-4117-AC2B-3C07D90F4C9D}.Release|x86.ActiveCfg = Release|x86
		{6F026B68-87D3-4117-AC2B-3C07D90F4C9D}.Release|x86.Build.0 = Release|x86
		{48923788-21FD-445F-B102-0763CC9E4305}.Debug|Any CPU.ActiveCfg = Debug|Any CPU
		{48923788-21FD-445F-B102-0763CC9E4305}.Debug|Any CPU.Build.0 = Debug|Any CPU
		{48923788-21FD-445F-B102-0763CC9E4305}.Debug|Mixed Platforms.ActiveCfg = Debug|Any CPU
		{48923788-21FD-445F-B102-0763CC9E4305}.Debug|Mixed Platforms.Build.0 = Debug|Any CPU
		{48923788-21FD-445F-B102-0763CC9E4305}.Debug|x86.ActiveCfg = Debug|Any CPU
		{48923788-21FD-445F-B102-0763CC9E4305}.Release|Any CPU.ActiveCfg = Release|Any CPU
		{48923788-21FD-445F-B102-0763CC9E4305}.Release|Any CPU.Build.0 = Release|Any CPU
		{48923788-21FD-445F-B102-0763CC9E4305}.Release|Mixed Platforms.ActiveCfg = Release|Any CPU
		{48923788-21FD-445F-B102-0763CC9E4305}.Release|Mixed Platforms.Build.0 = Release|Any CPU
		{48923788-21FD-445F-B102-0763CC9E4305}.Release|x86.ActiveCfg = Release|Any CPU
		{A180AAD8-4865-40A3-87AD-A823E8B796E7}.Debug|Any CPU.ActiveCfg = Debug|Any CPU
		{A180AAD8-4865-40A3-87AD-A823E8B796E7}.Debug|Any CPU.Build.0 = Debug|Any CPU
		{A180AAD8-4865-40A3-87AD-A823E8B796E7}.Debug|Mixed Platforms.ActiveCfg = Debug|Any CPU
		{A180AAD8-4865-40A3-87AD-A823E8B796E7}.Debug|Mixed Platforms.Build.0 = Debug|Any CPU
		{A180AAD8-4865-40A3-87AD-A823E8B796E7}.Debug|x86.ActiveCfg = Debug|Any CPU
		{A180AAD8-4865-40A3-87AD-A823E8B796E7}.Release|Any CPU.ActiveCfg = Release|Any CPU
		{A180AAD8-4865-40A3-87AD-A823E8B796E7}.Release|Any CPU.Build.0 = Release|Any CPU
		{A180AAD8-4865-40A3-87AD-A823E8B796E7}.Release|Mixed Platforms.ActiveCfg = Release|Any CPU
		{A180AAD8-4865-40A3-87AD-A823E8B796E7}.Release|Mixed Platforms.Build.0 = Release|Any CPU
		{A180AAD8-4865-40A3-87AD-A823E8B796E7}.Release|x86.ActiveCfg = Release|Any CPU
		{1F14B01E-7AAB-4BE3-A1DE-7F3C22C38EC4}.Debug|Any CPU.ActiveCfg = Debug|Any CPU
		{1F14B01E-7AAB-4BE3-A1DE-7F3C22C38EC4}.Debug|Any CPU.Build.0 = Debug|Any CPU
		{1F14B01E-7AAB-4BE3-A1DE-7F3C22C38EC4}.Debug|Mixed Platforms.ActiveCfg = Debug|Any CPU
		{1F14B01E-7AAB-4BE3-A1DE-7F3C22C38EC4}.Debug|Mixed Platforms.Build.0 = Debug|Any CPU
		{1F14B01E-7AAB-4BE3-A1DE-7F3C22C38EC4}.Debug|x86.ActiveCfg = Debug|Any CPU
		{1F14B01E-7AAB-4BE3-A1DE-7F3C22C38EC4}.Release|Any CPU.ActiveCfg = Release|Any CPU
		{1F14B01E-7AAB-4BE3-A1DE-7F3C22C38EC4}.Release|Any CPU.Build.0 = Release|Any CPU
		{1F14B01E-7AAB-4BE3-A1DE-7F3C22C38EC4}.Release|Mixed Platforms.ActiveCfg = Release|Any CPU
		{1F14B01E-7AAB-4BE3-A1DE-7F3C22C38EC4}.Release|Mixed Platforms.Build.0 = Release|Any CPU
		{1F14B01E-7AAB-4BE3-A1DE-7F3C22C38EC4}.Release|x86.ActiveCfg = Release|Any CPU
		{A5E890D6-BF20-4E74-A956-50473D3137A7}.Debug|Any CPU.ActiveCfg = Debug|Any CPU
		{A5E890D6-BF20-4E74-A956-50473D3137A7}.Debug|Any CPU.Build.0 = Debug|Any CPU
		{A5E890D6-BF20-4E74-A956-50473D3137A7}.Debug|Mixed Platforms.ActiveCfg = Debug|Any CPU
		{A5E890D6-BF20-4E74-A956-50473D3137A7}.Debug|Mixed Platforms.Build.0 = Debug|Any CPU
		{A5E890D6-BF20-4E74-A956-50473D3137A7}.Debug|x86.ActiveCfg = Debug|Any CPU
		{A5E890D6-BF20-4E74-A956-50473D3137A7}.Release|Any CPU.ActiveCfg = Release|Any CPU
		{A5E890D6-BF20-4E74-A956-50473D3137A7}.Release|Any CPU.Build.0 = Release|Any CPU
		{A5E890D6-BF20-4E74-A956-50473D3137A7}.Release|Mixed Platforms.ActiveCfg = Release|Any CPU
		{A5E890D6-BF20-4E74-A956-50473D3137A7}.Release|Mixed Platforms.Build.0 = Release|Any CPU
		{A5E890D6-BF20-4E74-A956-50473D3137A7}.Release|x86.ActiveCfg = Release|Any CPU
		{D3C270DD-AAB9-4DD5-83C8-6C3A8723C044}.Debug|Any CPU.ActiveCfg = Debug|x86
		{D3C270DD-AAB9-4DD5-83C8-6C3A8723C044}.Debug|Mixed Platforms.ActiveCfg = Debug|x86
		{D3C270DD-AAB9-4DD5-83C8-6C3A8723C044}.Debug|Mixed Platforms.Build.0 = Debug|x86
		{D3C270DD-AAB9-4DD5-83C8-6C3A8723C044}.Debug|x86.ActiveCfg = Debug|x86
		{D3C270DD-AAB9-4DD5-83C8-6C3A8723C044}.Debug|x86.Build.0 = Debug|x86
		{D3C270DD-AAB9-4DD5-83C8-6C3A8723C044}.Release|Any CPU.ActiveCfg = Release|x86
		{D3C270DD-AAB9-4DD5-83C8-6C3A8723C044}.Release|Mixed Platforms.ActiveCfg = Release|x86
		{D3C270DD-AAB9-4DD5-83C8-6C3A8723C044}.Release|Mixed Platforms.Build.0 = Release|x86
		{D3C270DD-AAB9-4DD5-83C8-6C3A8723C044}.Release|x86.ActiveCfg = Release|x86
		{D3C270DD-AAB9-4DD5-83C8-6C3A8723C044}.Release|x86.Build.0 = Release|x86
		{278F51D8-7EA3-4163-8D48-C3979738CCB3}.Debug|Any CPU.ActiveCfg = Debug|Any CPU
		{278F51D8-7EA3-4163-8D48-C3979738CCB3}.Debug|Any CPU.Build.0 = Debug|Any CPU
		{278F51D8-7EA3-4163-8D48-C3979738CCB3}.Debug|Mixed Platforms.ActiveCfg = Debug|Any CPU
		{278F51D8-7EA3-4163-8D48-C3979738CCB3}.Debug|Mixed Platforms.Build.0 = Debug|Any CPU
		{278F51D8-7EA3-4163-8D48-C3979738CCB3}.Debug|x86.ActiveCfg = Debug|Any CPU
		{278F51D8-7EA3-4163-8D48-C3979738CCB3}.Release|Any CPU.ActiveCfg = Release|Any CPU
		{278F51D8-7EA3-4163-8D48-C3979738CCB3}.Release|Any CPU.Build.0 = Release|Any CPU
		{278F51D8-7EA3-4163-8D48-C3979738CCB3}.Release|Mixed Platforms.ActiveCfg = Release|Any CPU
		{278F51D8-7EA3-4163-8D48-C3979738CCB3}.Release|Mixed Platforms.Build.0 = Release|Any CPU
		{278F51D8-7EA3-4163-8D48-C3979738CCB3}.Release|x86.ActiveCfg = Release|Any CPU
		{C7BA6C1C-0CAF-4B75-A455-31EFDB3A1A14}.Debug|Any CPU.ActiveCfg = Debug|x86
		{C7BA6C1C-0CAF-4B75-A455-31EFDB3A1A14}.Debug|Mixed Platforms.ActiveCfg = Debug|x86
		{C7BA6C1C-0CAF-4B75-A455-31EFDB3A1A14}.Debug|Mixed Platforms.Build.0 = Debug|x86
		{C7BA6C1C-0CAF-4B75-A455-31EFDB3A1A14}.Debug|x86.ActiveCfg = Debug|x86
		{C7BA6C1C-0CAF-4B75-A455-31EFDB3A1A14}.Debug|x86.Build.0 = Debug|x86
		{C7BA6C1C-0CAF-4B75-A455-31EFDB3A1A14}.Release|Any CPU.ActiveCfg = Release|x86
		{C7BA6C1C-0CAF-4B75-A455-31EFDB3A1A14}.Release|Mixed Platforms.ActiveCfg = Release|x86
		{C7BA6C1C-0CAF-4B75-A455-31EFDB3A1A14}.Release|Mixed Platforms.Build.0 = Release|x86
		{C7BA6C1C-0CAF-4B75-A455-31EFDB3A1A14}.Release|x86.ActiveCfg = Release|x86
		{C7BA6C1C-0CAF-4B75-A455-31EFDB3A1A14}.Release|x86.Build.0 = Release|x86
		{644C3AC3-5F52-4023-A3AF-E1CB6CA98570}.Debug|Any CPU.ActiveCfg = Debug|x86
		{644C3AC3-5F52-4023-A3AF-E1CB6CA98570}.Debug|Mixed Platforms.ActiveCfg = Debug|x86
		{644C3AC3-5F52-4023-A3AF-E1CB6CA98570}.Debug|Mixed Platforms.Build.0 = Debug|x86
		{644C3AC3-5F52-4023-A3AF-E1CB6CA98570}.Debug|x86.ActiveCfg = Debug|x86
		{644C3AC3-5F52-4023-A3AF-E1CB6CA98570}.Debug|x86.Build.0 = Debug|x86
		{644C3AC3-5F52-4023-A3AF-E1CB6CA98570}.Release|Any CPU.ActiveCfg = Release|x86
		{644C3AC3-5F52-4023-A3AF-E1CB6CA98570}.Release|Mixed Platforms.ActiveCfg = Release|x86
		{644C3AC3-5F52-4023-A3AF-E1CB6CA98570}.Release|Mixed Platforms.Build.0 = Release|x86
		{644C3AC3-5F52-4023-A3AF-E1CB6CA98570}.Release|x86.ActiveCfg = Release|x86
		{644C3AC3-5F52-4023-A3AF-E1CB6CA98570}.Release|x86.Build.0 = Release|x86
		{F37E7F8E-A858-4CD0-B82B-62027E5F2B39}.Debug|Any CPU.ActiveCfg = Debug|x86
		{F37E7F8E-A858-4CD0-B82B-62027E5F2B39}.Debug|Mixed Platforms.ActiveCfg = Debug|x86
		{F37E7F8E-A858-4CD0-B82B-62027E5F2B39}.Debug|Mixed Platforms.Build.0 = Debug|x86
		{F37E7F8E-A858-4CD0-B82B-62027E5F2B39}.Debug|x86.ActiveCfg = Debug|x86
		{F37E7F8E-A858-4CD0-B82B-62027E5F2B39}.Debug|x86.Build.0 = Debug|x86
		{F37E7F8E-A858-4CD0-B82B-62027E5F2B39}.Release|Any CPU.ActiveCfg = Release|x86
		{F37E7F8E-A858-4CD0-B82B-62027E5F2B39}.Release|Mixed Platforms.ActiveCfg = Release|x86
		{F37E7F8E-A858-4CD0-B82B-62027E5F2B39}.Release|Mixed Platforms.Build.0 = Release|x86
		{F37E7F8E-A858-4CD0-B82B-62027E5F2B39}.Release|x86.ActiveCfg = Release|x86
		{F37E7F8E-A858-4CD0-B82B-62027E5F2B39}.Release|x86.Build.0 = Release|x86
		{26848F7D-BEBB-400D-B117-6437FB2CBBBA}.Debug|Any CPU.ActiveCfg = Debug|Any CPU
		{26848F7D-BEBB-400D-B117-6437FB2CBBBA}.Debug|Any CPU.Build.0 = Debug|Any CPU
		{26848F7D-BEBB-400D-B117-6437FB2CBBBA}.Debug|Mixed Platforms.ActiveCfg = Debug|Any CPU
		{26848F7D-BEBB-400D-B117-6437FB2CBBBA}.Debug|Mixed Platforms.Build.0 = Debug|Any CPU
		{26848F7D-BEBB-400D-B117-6437FB2CBBBA}.Debug|x86.ActiveCfg = Debug|Any CPU
		{26848F7D-BEBB-400D-B117-6437FB2CBBBA}.Release|Any CPU.ActiveCfg = Release|Any CPU
		{26848F7D-BEBB-400D-B117-6437FB2CBBBA}.Release|Any CPU.Build.0 = Release|Any CPU
		{26848F7D-BEBB-400D-B117-6437FB2CBBBA}.Release|Mixed Platforms.ActiveCfg = Release|Any CPU
		{26848F7D-BEBB-400D-B117-6437FB2CBBBA}.Release|Mixed Platforms.Build.0 = Release|Any CPU
		{26848F7D-BEBB-400D-B117-6437FB2CBBBA}.Release|x86.ActiveCfg = Release|Any CPU
	EndGlobalSection
	GlobalSection(SolutionProperties) = preSolution
		HideSolutionNode = FALSE
	EndGlobalSection
	GlobalSection(NestedProjects) = preSolution
		{9634F02C-5EDD-481B-A51D-0FC972BC7E41} = {1563A6FB-5DC6-4167-916B-A460DEC043FE}
		{0ED726AF-177D-4766-AC7C-26741E88BE4B} = {767A4438-D90C-44A1-A298-E616D2CA64A6}
		{6F026B68-87D3-4117-AC2B-3C07D90F4C9D} = {767A4438-D90C-44A1-A298-E616D2CA64A6}
		{1F14B01E-7AAB-4BE3-A1DE-7F3C22C38EC4} = {4FA676C4-A6E7-48A5-86F7-6135C42813BB}
		{A5E890D6-BF20-4E74-A956-50473D3137A7} = {4FA676C4-A6E7-48A5-86F7-6135C42813BB}
		{D3C270DD-AAB9-4DD5-83C8-6C3A8723C044} = {A4077014-30B8-4D10-B128-0596F555F79E}
		{278F51D8-7EA3-4163-8D48-C3979738CCB3} = {4FA676C4-A6E7-48A5-86F7-6135C42813BB}
		{C7BA6C1C-0CAF-4B75-A455-31EFDB3A1A14} = {767A4438-D90C-44A1-A298-E616D2CA64A6}
		{644C3AC3-5F52-4023-A3AF-E1CB6CA98570} = {A4077014-30B8-4D10-B128-0596F555F79E}
		{F37E7F8E-A858-4CD0-B82B-62027E5F2B39} = {767A4438-D90C-44A1-A298-E616D2CA64A6}
		{26848F7D-BEBB-400D-B117-6437FB2CBBBA} = {767A4438-D90C-44A1-A298-E616D2CA64A6}
	EndGlobalSection
EndGlobal
